// !$*UTF8*$!
{
	archiveVersion = 1;
	classes = {
	};
	objectVersion = 50;
	objects = {

/* Begin PBXBuildFile section */
		2DAA18952529003400546E9E /* AppDelegate.swift in Sources */ = {isa = PBXBuildFile; fileRef = 2DAA18942529003400546E9E /* AppDelegate.swift */; };
		2DAA18972529003400546E9E /* SceneDelegate.swift in Sources */ = {isa = PBXBuildFile; fileRef = 2DAA18962529003400546E9E /* SceneDelegate.swift */; };
		2DAA18992529003400546E9E /* ViewController.swift in Sources */ = {isa = PBXBuildFile; fileRef = 2DAA18982529003400546E9E /* ViewController.swift */; };
		2DAA189C2529003400546E9E /* Main.storyboard in Resources */ = {isa = PBXBuildFile; fileRef = 2DAA189A2529003400546E9E /* Main.storyboard */; };
		2DAA189E2529003600546E9E /* Assets.xcassets in Resources */ = {isa = PBXBuildFile; fileRef = 2DAA189D2529003600546E9E /* Assets.xcassets */; };
		2DAA18A12529003600546E9E /* LaunchScreen.storyboard in Resources */ = {isa = PBXBuildFile; fileRef = 2DAA189F2529003600546E9E /* LaunchScreen.storyboard */; };
		2DAA18AC2529003600546E9E /* ResturantTests.swift in Sources */ = {isa = PBXBuildFile; fileRef = 2DAA18AB2529003600546E9E /* ResturantTests.swift */; };
		2DAA18B72529003600546E9E /* ResturantUITests.swift in Sources */ = {isa = PBXBuildFile; fileRef = 2DAA18B62529003600546E9E /* ResturantUITests.swift */; };
/* End PBXBuildFile section */

/* Begin PBXContainerItemProxy section */
		2DAA18A82529003600546E9E /* PBXContainerItemProxy */ = {
			isa = PBXContainerItemProxy;
			containerPortal = 2DAA18892529003400546E9E /* Project object */;
			proxyType = 1;
			remoteGlobalIDString = 2DAA18902529003400546E9E;
			remoteInfo = Resturant;
		};
		2DAA18B32529003600546E9E /* PBXContainerItemProxy */ = {
			isa = PBXContainerItemProxy;
			containerPortal = 2DAA18892529003400546E9E /* Project object */;
			proxyType = 1;
			remoteGlobalIDString = 2DAA18902529003400546E9E;
			remoteInfo = Resturant;
		};
/* End PBXContainerItemProxy section */

/* Begin PBXFileReference section */
		2DAA18912529003400546E9E /* Resturant.app */ = {isa = PBXFileReference; explicitFileType = wrapper.application; includeInIndex = 0; path = Resturant.app; sourceTree = BUILT_PRODUCTS_DIR; };
		2DAA18942529003400546E9E /* AppDelegate.swift */ = {isa = PBXFileReference; lastKnownFileType = sourcecode.swift; path = AppDelegate.swift; sourceTree = "<group>"; };
		2DAA18962529003400546E9E /* SceneDelegate.swift */ = {isa = PBXFileReference; lastKnownFileType = sourcecode.swift; path = SceneDelegate.swift; sourceTree = "<group>"; };
		2DAA18982529003400546E9E /* ViewController.swift */ = {isa = PBXFileReference; lastKnownFileType = sourcecode.swift; path = ViewController.swift; sourceTree = "<group>"; };
		2DAA189B2529003400546E9E /* Base */ = {isa = PBXFileReference; lastKnownFileType = file.storyboard; name = Base; path = Base.lproj/Main.storyboard; sourceTree = "<group>"; };
		2DAA189D2529003600546E9E /* Assets.xcassets */ = {isa = PBXFileReference; lastKnownFileType = folder.assetcatalog; path = Assets.xcassets; sourceTree = "<group>"; };
		2DAA18A02529003600546E9E /* Base */ = {isa = PBXFileReference; lastKnownFileType = file.storyboard; name = Base; path = Base.lproj/LaunchScreen.storyboard; sourceTree = "<group>"; };
		2DAA18A22529003600546E9E /* Info.plist */ = {isa = PBXFileReference; lastKnownFileType = text.plist.xml; path = Info.plist; sourceTree = "<group>"; };
		2DAA18A72529003600546E9E /* ResturantTests.xctest */ = {isa = PBXFileReference; explicitFileType = wrapper.cfbundle; includeInIndex = 0; path = ResturantTests.xctest; sourceTree = BUILT_PRODUCTS_DIR; };
		2DAA18AB2529003600546E9E /* ResturantTests.swift */ = {isa = PBXFileReference; lastKnownFileType = sourcecode.swift; path = ResturantTests.swift; sourceTree = "<group>"; };
		2DAA18AD2529003600546E9E /* Info.plist */ = {isa = PBXFileReference; lastKnownFileType = text.plist.xml; path = Info.plist; sourceTree = "<group>"; };
		2DAA18B22529003600546E9E /* ResturantUITests.xctest */ = {isa = PBXFileReference; explicitFileType = wrapper.cfbundle; includeInIndex = 0; path = ResturantUITests.xctest; sourceTree = BUILT_PRODUCTS_DIR; };
		2DAA18B62529003600546E9E /* ResturantUITests.swift */ = {isa = PBXFileReference; lastKnownFileType = sourcecode.swift; path = ResturantUITests.swift; sourceTree = "<group>"; };
		2DAA18B82529003600546E9E /* Info.plist */ = {isa = PBXFileReference; lastKnownFileType = text.plist.xml; path = Info.plist; sourceTree = "<group>"; };
/* End PBXFileReference section */

/* Begin PBXFrameworksBuildPhase section */
		2DAA188E2529003400546E9E /* Frameworks */ = {
			isa = PBXFrameworksBuildPhase;
			buildActionMask = 2147483647;
			files = (
			);
			runOnlyForDeploymentPostprocessing = 0;
		};
		2DAA18A42529003600546E9E /* Frameworks */ = {
			isa = PBXFrameworksBuildPhase;
			buildActionMask = 2147483647;
			files = (
			);
			runOnlyForDeploymentPostprocessing = 0;
		};
		2DAA18AF2529003600546E9E /* Frameworks */ = {
			isa = PBXFrameworksBuildPhase;
			buildActionMask = 2147483647;
			files = (
			);
			runOnlyForDeploymentPostprocessing = 0;
		};
/* End PBXFrameworksBuildPhase section */

/* Begin PBXGroup section */
		2DAA18882529003400546E9E = {
			isa = PBXGroup;
			children = (
				2DAA18932529003400546E9E /* Resturant */,
				2DAA18AA2529003600546E9E /* ResturantTests */,
				2DAA18B52529003600546E9E /* ResturantUITests */,
				2DAA18922529003400546E9E /* Products */,
			);
			sourceTree = "<group>";
		};
		2DAA18922529003400546E9E /* Products */ = {
			isa = PBXGroup;
			children = (
				2DAA18912529003400546E9E /* Resturant.app */,
				2DAA18A72529003600546E9E /* ResturantTests.xctest */,
				2DAA18B22529003600546E9E /* ResturantUITests.xctest */,
			);
			name = Products;
			sourceTree = "<group>";
		};
		2DAA18932529003400546E9E /* Resturant */ = {
			isa = PBXGroup;
			children = (
				2DAA18942529003400546E9E /* AppDelegate.swift */,
				2DAA18962529003400546E9E /* SceneDelegate.swift */,
				2DAA18982529003400546E9E /* ViewController.swift */,
				2DAA189A2529003400546E9E /* Main.storyboard */,
				2DAA189D2529003600546E9E /* Assets.xcassets */,
				2DAA189F2529003600546E9E /* LaunchScreen.storyboard */,
				2DAA18A22529003600546E9E /* Info.plist */,
			);
			path = Resturant;
			sourceTree = "<group>";
		};
		2DAA18AA2529003600546E9E /* ResturantTests */ = {
			isa = PBXGroup;
			children = (
				2DAA18AB2529003600546E9E /* ResturantTests.swift */,
				2DAA18AD2529003600546E9E /* Info.plist */,
			);
			path = ResturantTests;
			sourceTree = "<group>";
		};
		2DAA18B52529003600546E9E /* ResturantUITests */ = {
			isa = PBXGroup;
			children = (
				2DAA18B62529003600546E9E /* ResturantUITests.swift */,
				2DAA18B82529003600546E9E /* Info.plist */,
			);
			path = ResturantUITests;
			sourceTree = "<group>";
		};
/* End PBXGroup section */

/* Begin PBXNativeTarget section */
		2DAA18902529003400546E9E /* Resturant */ = {
			isa = PBXNativeTarget;
			buildConfigurationList = 2DAA18BB2529003600546E9E /* Build configuration list for PBXNativeTarget "Resturant" */;
			buildPhases = (
				2DAA188D2529003400546E9E /* Sources */,
				2DAA188E2529003400546E9E /* Frameworks */,
				2DAA188F2529003400546E9E /* Resources */,
			);
			buildRules = (
			);
			dependencies = (
			);
			name = Resturant;
			productName = Resturant;
			productReference = 2DAA18912529003400546E9E /* Resturant.app */;
			productType = "com.apple.product-type.application";
		};
		2DAA18A62529003600546E9E /* ResturantTests */ = {
			isa = PBXNativeTarget;
			buildConfigurationList = 2DAA18BE2529003600546E9E /* Build configuration list for PBXNativeTarget "ResturantTests" */;
			buildPhases = (
				2DAA18A32529003600546E9E /* Sources */,
				2DAA18A42529003600546E9E /* Frameworks */,
				2DAA18A52529003600546E9E /* Resources */,
			);
			buildRules = (
			);
			dependencies = (
				2DAA18A92529003600546E9E /* PBXTargetDependency */,
			);
			name = ResturantTests;
			productName = ResturantTests;
			productReference = 2DAA18A72529003600546E9E /* ResturantTests.xctest */;
			productType = "com.apple.product-type.bundle.unit-test";
		};
		2DAA18B12529003600546E9E /* ResturantUITests */ = {
			isa = PBXNativeTarget;
			buildConfigurationList = 2DAA18C12529003600546E9E /* Build configuration list for PBXNativeTarget "ResturantUITests" */;
			buildPhases = (
				2DAA18AE2529003600546E9E /* Sources */,
				2DAA18AF2529003600546E9E /* Frameworks */,
				2DAA18B02529003600546E9E /* Resources */,
			);
			buildRules = (
			);
			dependencies = (
				2DAA18B42529003600546E9E /* PBXTargetDependency */,
			);
			name = ResturantUITests;
			productName = ResturantUITests;
			productReference = 2DAA18B22529003600546E9E /* ResturantUITests.xctest */;
			productType = "com.apple.product-type.bundle.ui-testing";
		};
/* End PBXNativeTarget section */

/* Begin PBXProject section */
		2DAA18892529003400546E9E /* Project object */ = {
			isa = PBXProject;
			attributes = {
				LastSwiftUpdateCheck = 1200;
				LastUpgradeCheck = 1200;
				TargetAttributes = {
					2DAA18902529003400546E9E = {
						CreatedOnToolsVersion = 12.0;
					};
					2DAA18A62529003600546E9E = {
						CreatedOnToolsVersion = 12.0;
						TestTargetID = 2DAA18902529003400546E9E;
					};
					2DAA18B12529003600546E9E = {
						CreatedOnToolsVersion = 12.0;
						TestTargetID = 2DAA18902529003400546E9E;
					};
				};
			};
			buildConfigurationList = 2DAA188C2529003400546E9E /* Build configuration list for PBXProject "Resturant" */;
			compatibilityVersion = "Xcode 9.3";
			developmentRegion = en;
			hasScannedForEncodings = 0;
			knownRegions = (
				en,
				Base,
			);
			mainGroup = 2DAA18882529003400546E9E;
			productRefGroup = 2DAA18922529003400546E9E /* Products */;
			projectDirPath = "";
			projectRoot = "";
			targets = (
				2DAA18902529003400546E9E /* Resturant */,
				2DAA18A62529003600546E9E /* ResturantTests */,
				2DAA18B12529003600546E9E /* ResturantUITests */,
			);
		};
/* End PBXProject section */

/* Begin PBXResourcesBuildPhase section */
		2DAA188F2529003400546E9E /* Resources */ = {
			isa = PBXResourcesBuildPhase;
			buildActionMask = 2147483647;
			files = (
				2DAA18A12529003600546E9E /* LaunchScreen.storyboard in Resources */,
				2DAA189E2529003600546E9E /* Assets.xcassets in Resources */,
				2DAA189C2529003400546E9E /* Main.storyboard in Resources */,
			);
			runOnlyForDeploymentPostprocessing = 0;
		};
		2DAA18A52529003600546E9E /* Resources */ = {
			isa = PBXResourcesBuildPhase;
			buildActionMask = 2147483647;
			files = (
			);
			runOnlyForDeploymentPostprocessing = 0;
		};
		2DAA18B02529003600546E9E /* Resources */ = {
			isa = PBXResourcesBuildPhase;
			buildActionMask = 2147483647;
			files = (
			);
			runOnlyForDeploymentPostprocessing = 0;
		};
/* End PBXResourcesBuildPhase section */

/* Begin PBXSourcesBuildPhase section */
		2DAA188D2529003400546E9E /* Sources */ = {
			isa = PBXSourcesBuildPhase;
			buildActionMask = 2147483647;
			files = (
				2DAA18992529003400546E9E /* ViewController.swift in Sources */,
				2DAA18952529003400546E9E /* AppDelegate.swift in Sources */,
				2DAA18972529003400546E9E /* SceneDelegate.swift in Sources */,
			);
			runOnlyForDeploymentPostprocessing = 0;
		};
		2DAA18A32529003600546E9E /* Sources */ = {
			isa = PBXSourcesBuildPhase;
			buildActionMask = 2147483647;
			files = (
				2DAA18AC2529003600546E9E /* ResturantTests.swift in Sources */,
			);
			runOnlyForDeploymentPostprocessing = 0;
		};
		2DAA18AE2529003600546E9E /* Sources */ = {
			isa = PBXSourcesBuildPhase;
			buildActionMask = 2147483647;
			files = (
				2DAA18B72529003600546E9E /* ResturantUITests.swift in Sources */,
			);
			runOnlyForDeploymentPostprocessing = 0;
		};
/* End PBXSourcesBuildPhase section */

/* Begin PBXTargetDependency section */
		2DAA18A92529003600546E9E /* PBXTargetDependency */ = {
			isa = PBXTargetDependency;
			target = 2DAA18902529003400546E9E /* Resturant */;
			targetProxy = 2DAA18A82529003600546E9E /* PBXContainerItemProxy */;
		};
		2DAA18B42529003600546E9E /* PBXTargetDependency */ = {
			isa = PBXTargetDependency;
			target = 2DAA18902529003400546E9E /* Resturant */;
			targetProxy = 2DAA18B32529003600546E9E /* PBXContainerItemProxy */;
		};
/* End PBXTargetDependency section */

/* Begin PBXVariantGroup section */
		2DAA189A2529003400546E9E /* Main.storyboard */ = {
			isa = PBXVariantGroup;
			children = (
				2DAA189B2529003400546E9E /* Base */,
			);
			name = Main.storyboard;
			sourceTree = "<group>";
		};
		2DAA189F2529003600546E9E /* LaunchScreen.storyboard */ = {
			isa = PBXVariantGroup;
			children = (
				2DAA18A02529003600546E9E /* Base */,
			);
			name = LaunchScreen.storyboard;
			sourceTree = "<group>";
		};
/* End PBXVariantGroup section */

/* Begin XCBuildConfiguration section */
		2DAA18B92529003600546E9E /* Debug */ = {
			isa = XCBuildConfiguration;
			buildSettings = {
				ALWAYS_SEARCH_USER_PATHS = NO;
				CLANG_ANALYZER_NONNULL = YES;
				CLANG_ANALYZER_NUMBER_OBJECT_CONVERSION = YES_AGGRESSIVE;
				CLANG_CXX_LANGUAGE_STANDARD = "gnu++14";
				CLANG_CXX_LIBRARY = "libc++";
				CLANG_ENABLE_MODULES = YES;
				CLANG_ENABLE_OBJC_ARC = YES;
				CLANG_ENABLE_OBJC_WEAK = YES;
				CLANG_WARN_BLOCK_CAPTURE_AUTORELEASING = YES;
				CLANG_WARN_BOOL_CONVERSION = YES;
				CLANG_WARN_COMMA = YES;
				CLANG_WARN_CONSTANT_CONVERSION = YES;
				CLANG_WARN_DEPRECATED_OBJC_IMPLEMENTATIONS = YES;
				CLANG_WARN_DIRECT_OBJC_ISA_USAGE = YES_ERROR;
				CLANG_WARN_DOCUMENTATION_COMMENTS = YES;
				CLANG_WARN_EMPTY_BODY = YES;
				CLANG_WARN_ENUM_CONVERSION = YES;
				CLANG_WARN_INFINITE_RECURSION = YES;
				CLANG_WARN_INT_CONVERSION = YES;
				CLANG_WARN_NON_LITERAL_NULL_CONVERSION = YES;
				CLANG_WARN_OBJC_IMPLICIT_RETAIN_SELF = YES;
				CLANG_WARN_OBJC_LITERAL_CONVERSION = YES;
				CLANG_WARN_OBJC_ROOT_CLASS = YES_ERROR;
				CLANG_WARN_QUOTED_INCLUDE_IN_FRAMEWORK_HEADER = YES;
				CLANG_WARN_RANGE_LOOP_ANALYSIS = YES;
				CLANG_WARN_STRICT_PROTOTYPES = YES;
				CLANG_WARN_SUSPICIOUS_MOVE = YES;
				CLANG_WARN_UNGUARDED_AVAILABILITY = YES_AGGRESSIVE;
				CLANG_WARN_UNREACHABLE_CODE = YES;
				CLANG_WARN__DUPLICATE_METHOD_MATCH = YES;
				COPY_PHASE_STRIP = NO;
				DEBUG_INFORMATION_FORMAT = dwarf;
				ENABLE_STRICT_OBJC_MSGSEND = YES;
				ENABLE_TESTABILITY = YES;
				GCC_C_LANGUAGE_STANDARD = gnu11;
				GCC_DYNAMIC_NO_PIC = NO;
				GCC_NO_COMMON_BLOCKS = YES;
				GCC_OPTIMIZATION_LEVEL = 0;
				GCC_PREPROCESSOR_DEFINITIONS = (
					"DEBUG=1",
					"$(inherited)",
				);
				GCC_WARN_64_TO_32_BIT_CONVERSION = YES;
				GCC_WARN_ABOUT_RETURN_TYPE = YES_ERROR;
				GCC_WARN_UNDECLARED_SELECTOR = YES;
				GCC_WARN_UNINITIALIZED_AUTOS = YES_AGGRESSIVE;
				GCC_WARN_UNUSED_FUNCTION = YES;
				GCC_WARN_UNUSED_VARIABLE = YES;
				IPHONEOS_DEPLOYMENT_TARGET = 14.0;
				MTL_ENABLE_DEBUG_INFO = INCLUDE_SOURCE;
				MTL_FAST_MATH = YES;
				ONLY_ACTIVE_ARCH = YES;
				SDKROOT = iphoneos;
				SWIFT_ACTIVE_COMPILATION_CONDITIONS = DEBUG;
				SWIFT_OPTIMIZATION_LEVEL = "-Onone";
			};
			name = Debug;
		};
		2DAA18BA2529003600546E9E /* Release */ = {
			isa = XCBuildConfiguration;
			buildSettings = {
				ALWAYS_SEARCH_USER_PATHS = NO;
				CLANG_ANALYZER_NONNULL = YES;
				CLANG_ANALYZER_NUMBER_OBJECT_CONVERSION = YES_AGGRESSIVE;
				CLANG_CXX_LANGUAGE_STANDARD = "gnu++14";
				CLANG_CXX_LIBRARY = "libc++";
				CLANG_ENABLE_MODULES = YES;
				CLANG_ENABLE_OBJC_ARC = YES;
				CLANG_ENABLE_OBJC_WEAK = YES;
				CLANG_WARN_BLOCK_CAPTURE_AUTORELEASING = YES;
				CLANG_WARN_BOOL_CONVERSION = YES;
				CLANG_WARN_COMMA = YES;
				CLANG_WARN_CONSTANT_CONVERSION = YES;
				CLANG_WARN_DEPRECATED_OBJC_IMPLEMENTATIONS = YES;
				CLANG_WARN_DIRECT_OBJC_ISA_USAGE = YES_ERROR;
				CLANG_WARN_DOCUMENTATION_COMMENTS = YES;
				CLANG_WARN_EMPTY_BODY = YES;
				CLANG_WARN_ENUM_CONVERSION = YES;
				CLANG_WARN_INFINITE_RECURSION = YES;
				CLANG_WARN_INT_CONVERSION = YES;
				CLANG_WARN_NON_LITERAL_NULL_CONVERSION = YES;
				CLANG_WARN_OBJC_IMPLICIT_RETAIN_SELF = YES;
				CLANG_WARN_OBJC_LITERAL_CONVERSION = YES;
				CLANG_WARN_OBJC_ROOT_CLASS = YES_ERROR;
				CLANG_WARN_QUOTED_INCLUDE_IN_FRAMEWORK_HEADER = YES;
				CLANG_WARN_RANGE_LOOP_ANALYSIS = YES;
				CLANG_WARN_STRICT_PROTOTYPES = YES;
				CLANG_WARN_SUSPICIOUS_MOVE = YES;
				CLANG_WARN_UNGUARDED_AVAILABILITY = YES_AGGRESSIVE;
				CLANG_WARN_UNREACHABLE_CODE = YES;
				CLANG_WARN__DUPLICATE_METHOD_MATCH = YES;
				COPY_PHASE_STRIP = NO;
				DEBUG_INFORMATION_FORMAT = "dwarf-with-dsym";
				ENABLE_NS_ASSERTIONS = NO;
				ENABLE_STRICT_OBJC_MSGSEND = YES;
				GCC_C_LANGUAGE_STANDARD = gnu11;
				GCC_NO_COMMON_BLOCKS = YES;
				GCC_WARN_64_TO_32_BIT_CONVERSION = YES;
				GCC_WARN_ABOUT_RETURN_TYPE = YES_ERROR;
				GCC_WARN_UNDECLARED_SELECTOR = YES;
				GCC_WARN_UNINITIALIZED_AUTOS = YES_AGGRESSIVE;
				GCC_WARN_UNUSED_FUNCTION = YES;
				GCC_WARN_UNUSED_VARIABLE = YES;
				IPHONEOS_DEPLOYMENT_TARGET = 14.0;
				MTL_ENABLE_DEBUG_INFO = NO;
				MTL_FAST_MATH = YES;
				SDKROOT = iphoneos;
				SWIFT_COMPILATION_MODE = wholemodule;
				SWIFT_OPTIMIZATION_LEVEL = "-O";
				VALIDATE_PRODUCT = YES;
			};
			name = Release;
		};
		2DAA18BC2529003600546E9E /* Debug */ = {
			isa = XCBuildConfiguration;
			buildSettings = {
				ASSETCATALOG_COMPILER_APPICON_NAME = AppIcon;
				ASSETCATALOG_COMPILER_GLOBAL_ACCENT_COLOR_NAME = AccentColor;
				CODE_SIGN_STYLE = Automatic;
				INFOPLIST_FILE = Resturant/Info.plist;
				LD_RUNPATH_SEARCH_PATHS = (
					"$(inherited)",
					"@executable_path/Frameworks",
				);
				PRODUCT_BUNDLE_IDENTIFIER = ios.Resturant;
				PRODUCT_NAME = "$(TARGET_NAME)";
				SWIFT_VERSION = 5.0;
				TARGETED_DEVICE_FAMILY = "1,2";
			};
			name = Debug;
		};
		2DAA18BD2529003600546E9E /* Release */ = {
			isa = XCBuildConfiguration;
			buildSettings = {
				ASSETCATALOG_COMPILER_APPICON_NAME = AppIcon;
				ASSETCATALOG_COMPILER_GLOBAL_ACCENT_COLOR_NAME = AccentColor;
				CODE_SIGN_STYLE = Automatic;
				INFOPLIST_FILE = Resturant/Info.plist;
				LD_RUNPATH_SEARCH_PATHS = (
					"$(inherited)",
					"@executable_path/Frameworks",
				);
				PRODUCT_BUNDLE_IDENTIFIER = ios.Resturant;
				PRODUCT_NAME = "$(TARGET_NAME)";
				SWIFT_VERSION = 5.0;
				TARGETED_DEVICE_FAMILY = "1,2";
			};
			name = Release;
		};
		2DAA18BF2529003600546E9E /* Debug */ = {
			isa = XCBuildConfiguration;
			buildSettings = {
				ALWAYS_EMBED_SWIFT_STANDARD_LIBRARIES = YES;
				BUNDLE_LOADER = "$(TEST_HOST)";
				CODE_SIGN_STYLE = Automatic;
				INFOPLIST_FILE = ResturantTests/Info.plist;
				IPHONEOS_DEPLOYMENT_TARGET = 14.0;
				LD_RUNPATH_SEARCH_PATHS = (
					"$(inherited)",
					"@executable_path/Frameworks",
					"@loader_path/Frameworks",
				);
				PRODUCT_BUNDLE_IDENTIFIER = ios.ResturantTests;
				PRODUCT_NAME = "$(TARGET_NAME)";
				SWIFT_VERSION = 5.0;
				TARGETED_DEVICE_FAMILY = "1,2";
				TEST_HOST = "$(BUILT_PRODUCTS_DIR)/Resturant.app/Resturant";
			};
			name = Debug;
		};
		2DAA18C02529003600546E9E /* Release */ = {
			isa = XCBuildConfiguration;
			buildSettings = {
				ALWAYS_EMBED_SWIFT_STANDARD_LIBRARIES = YES;
				BUNDLE_LOADER = "$(TEST_HOST)";
				CODE_SIGN_STYLE = Automatic;
				INFOPLIST_FILE = ResturantTests/Info.plist;
				IPHONEOS_DEPLOYMENT_TARGET = 14.0;
				LD_RUNPATH_SEARCH_PATHS = (
					"$(inherited)",
					"@executable_path/Frameworks",
					"@loader_path/Frameworks",
				);
				PRODUCT_BUNDLE_IDENTIFIER = ios.ResturantTests;
				PRODUCT_NAME = "$(TARGET_NAME)";
				SWIFT_VERSION = 5.0;
				TARGETED_DEVICE_FAMILY = "1,2";
				TEST_HOST = "$(BUILT_PRODUCTS_DIR)/Resturant.app/Resturant";
			};
			name = Release;
		};
		2DAA18C22529003600546E9E /* Debug */ = {
			isa = XCBuildConfiguration;
			buildSettings = {
				ALWAYS_EMBED_SWIFT_STANDARD_LIBRARIES = YES;
				CODE_SIGN_STYLE = Automatic;
				INFOPLIST_FILE = ResturantUITests/Info.plist;
				LD_RUNPATH_SEARCH_PATHS = (
					"$(inherited)",
					"@executable_path/Frameworks",
					"@loader_path/Frameworks",
				);
				PRODUCT_BUNDLE_IDENTIFIER = ios.ResturantUITests;
				PRODUCT_NAME = "$(TARGET_NAME)";
				SWIFT_VERSION = 5.0;
				TARGETED_DEVICE_FAMILY = "1,2";
				TEST_TARGET_NAME = Resturant;
			};
			name = Debug;
		};
		2DAA18C32529003600546E9E /* Release */ = {
			isa = XCBuildConfiguration;
			buildSettings = {
				ALWAYS_EMBED_SWIFT_STANDARD_LIBRARIES = YES;
				CODE_SIGN_STYLE = Automatic;
				INFOPLIST_FILE = ResturantUITests/Info.plist;
				LD_RUNPATH_SEARCH_PATHS = (
					"$(inherited)",
					"@executable_path/Frameworks",
					"@loader_path/Frameworks",
				);
				PRODUCT_BUNDLE_IDENTIFIER = ios.ResturantUITests;
				PRODUCT_NAME = "$(TARGET_NAME)";
				SWIFT_VERSION = 5.0;
				TARGETED_DEVICE_FAMILY = "1,2";
				TEST_TARGET_NAME = Resturant;
			};
			name = Release;
		};
/* End XCBuildConfiguration section */

/* Begin XCConfigurationList section */
		2DAA188C2529003400546E9E /* Build configuration list for PBXProject "Resturant" */ = {
			isa = XCConfigurationList;
			buildConfigurations = (
				2DAA18B92529003600546E9E /* Debug */,
				2DAA18BA2529003600546E9E /* Release */,
			);
			defaultConfigurationIsVisible = 0;
			defaultConfigurationName = Release;
		};
		2DAA18BB2529003600546E9E /* Build configuration list for PBXNativeTarget "Resturant" */ = {
			isa = XCConfigurationList;
			buildConfigurations = (
				2DAA18BC2529003600546E9E /* Debug */,
				2DAA18BD2529003600546E9E /* Release */,
			);
			defaultConfigurationIsVisible = 0;
			defaultConfigurationName = Release;
		};
		2DAA18BE2529003600546E9E /* Build configuration list for PBXNativeTarget "ResturantTests" */ = {
			isa = XCConfigurationList;
			buildConfigurations = (
				2DAA18BF2529003600546E9E /* Debug */,
				2DAA18C02529003600546E9E /* Release */,
			);
			defaultConfigurationIsVisible = 0;
			defaultConfigurationName = Release;
		};
		2DAA18C12529003600546E9E /* Build configuration list for PBXNativeTarget "ResturantUITests" */ = {
			isa = XCConfigurationList;
			buildConfigurations = (
				2DAA18C22529003600546E9E /* Debug */,
				2DAA18C32529003600546E9E /* Release */,
			);
			defaultConfigurationIsVisible = 0;
			defaultConfigurationName = Release;
		};
/* End XCConfigurationList section */
	};
	rootObject = 2DAA18892529003400546E9E /* Project object */;
}
